
Microsoft Visual Studio Solution File, Format Version 12.00
# Visual Studio Version 17
VisualStudioVersion = 17.5.002.0
MinimumVisualStudioVersion = 10.0.40219.1
Project("{9A19103F-16F7-4668-BE54-9A1E7A4F7556}") = "gd-label", "gd-label.csproj", "{900085FC-C8D5-4221-94EB-82A14186E975}"
EndProject
Global
	GlobalSection(SolutionConfigurationPlatforms) = preSolution
		Debug|Any CPU = Debug|Any CPU
		Release|Any CPU = Release|Any CPU
	EndGlobalSection
	GlobalSection(ProjectConfigurationPlatforms) = postSolution
		{900085FC-C8D5-4221-94EB-82A14186E975}.Debug|Any CPU.ActiveCfg = Debug|Any CPU
		{900085FC-C8D5-4221-94EB-82A14186E975}.Debug|Any CPU.Build.0 = Debug|Any CPU
		{900085FC-C8D5-4221-94EB-82A14186E975}.Release|Any CPU.ActiveCfg = Release|Any CPU
		{900085FC-C8D5-4221-94EB-82A14186E975}.Release|Any CPU.Build.0 = Release|Any CPU
	EndGlobalSection
	GlobalSection(SolutionProperties) = preSolution
		HideSolutionNode = FALSE
	EndGlobalSection
	GlobalSection(ExtensibilityGlobals) = postSolution
		SolutionGuid = {A3E1CEF6-D764-4A57-9F9B-EEF51F26E10F}
	EndGlobalSection
EndGlobal
